
Microsoft Visual Studio Solution File, Format Version 12.00
# Visual Studio Version 17
VisualStudioVersion = 17.9.34701.34
MinimumVisualStudioVersion = 10.0.40219.1
Project("{FAE04EC0-301F-11D3-BF4B-00C04F79EFBC}") = "WpfApp1", "WpfApp1\WpfApp1.csproj", "{13889972-2AE4-4343-AE7D-10B98552B4EA}"
EndProject
Global
	GlobalSection(SolutionConfigurationPlatforms) = preSolution
		Debug|Any CPU = Debug|Any CPU
		Release|Any CPU = Release|Any CPU
	EndGlobalSection
	GlobalSection(ProjectConfigurationPlatforms) = postSolution
		{13889972-2AE4-4343-AE7D-10B98552B4EA}.Debug|Any CPU.ActiveCfg = Debug|Any CPU
		{13889972-2AE4-4343-AE7D-10B98552B4EA}.Debug|Any CPU.Build.0 = Debug|Any CPU
		{13889972-2AE4-4343-AE7D-10B98552B4EA}.Release|Any CPU.ActiveCfg = Release|Any CPU
		{13889972-2AE4-4343-AE7D-10B98552B4EA}.Release|Any CPU.Build.0 = Release|Any CPU
	EndGlobalSection
	GlobalSection(SolutionProperties) = preSolution
		HideSolutionNode = FALSE
	EndGlobalSection
	GlobalSection(ExtensibilityGlobals) = postSolution
		SolutionGuid = {2E489FD3-84C5-4298-BF1A-DF0A99DDA2FE}
	EndGlobalSection
EndGlobal
